// !$*UTF8*$!
{
	archiveVersion = 1;
	classes = {
	};
	objectVersion = 56;
	objects = {

/* Begin PBXBuildFile section */
		849E60C12DFFB2470025BE9C /* MovieDetail.swift in Sources */ = {isa = PBXBuildFile; fileRef = 849E60C02DFFB2470025BE9C /* MovieDetail.swift */; };
		849E60C52DFFB28F0025BE9C /* MovieServices.swift in Sources */ = {isa = PBXBuildFile; fileRef = 849E60C42DFFB28F0025BE9C /* MovieServices.swift */; };
		849E60C72DFFB4DC0025BE9C /* MovieDetailViewModel.swift in Sources */ = {isa = PBXBuildFile; fileRef = 849E60C62DFFB4DC0025BE9C /* MovieDetailViewModel.swift */; };
		849E60CC2DFFBE290025BE9C /* ListMovieViewController.swift in Sources */ = {isa = PBXBuildFile; fileRef = 849E60CB2DFFBE290025BE9C /* ListMovieViewController.swift */; };
		849E60CF2DFFC97E0025BE9C /* SDWebImage in Frameworks */ = {isa = PBXBuildFile; productRef = 849E60CE2DFFC97E0025BE9C /* SDWebImage */; };
		849E60D12DFFC97E0025BE9C /* SDWebImageMapKit in Frameworks */ = {isa = PBXBuildFile; productRef = 849E60D02DFFC97E0025BE9C /* SDWebImageMapKit */; };
		849E60D32DFFD16D0025BE9C /* MovieDetailViewController.swift in Sources */ = {isa = PBXBuildFile; fileRef = 849E60D22DFFD16D0025BE9C /* MovieDetailViewController.swift */; };
		84C32C742DFC285900C0EE5B /* AppDelegate.swift in Sources */ = {isa = PBXBuildFile; fileRef = 84C32C732DFC285900C0EE5B /* AppDelegate.swift */; };
		84C32C762DFC285900C0EE5B /* SceneDelegate.swift in Sources */ = {isa = PBXBuildFile; fileRef = 84C32C752DFC285900C0EE5B /* SceneDelegate.swift */; };
		84C32C782DFC285900C0EE5B /* ViewController.swift in Sources */ = {isa = PBXBuildFile; fileRef = 84C32C772DFC285900C0EE5B /* ViewController.swift */; };
		84C32C7B2DFC285900C0EE5B /* Main.storyboard in Resources */ = {isa = PBXBuildFile; fileRef = 84C32C792DFC285900C0EE5B /* Main.storyboard */; };
		84C32C7D2DFC285B00C0EE5B /* Assets.xcassets in Resources */ = {isa = PBXBuildFile; fileRef = 84C32C7C2DFC285B00C0EE5B /* Assets.xcassets */; };
		84C32C802DFC285B00C0EE5B /* LaunchScreen.storyboard in Resources */ = {isa = PBXBuildFile; fileRef = 84C32C7E2DFC285B00C0EE5B /* LaunchScreen.storyboard */; };
/* End PBXBuildFile section */

/* Begin PBXFileReference section */
		849E60C02DFFB2470025BE9C /* MovieDetail.swift */ = {isa = PBXFileReference; lastKnownFileType = sourcecode.swift; path = MovieDetail.swift; sourceTree = "<group>"; };
		849E60C42DFFB28F0025BE9C /* MovieServices.swift */ = {isa = PBXFileReference; lastKnownFileType = sourcecode.swift; path = MovieServices.swift; sourceTree = "<group>"; };
		849E60C62DFFB4DC0025BE9C /* MovieDetailViewModel.swift */ = {isa = PBXFileReference; lastKnownFileType = sourcecode.swift; path = MovieDetailViewModel.swift; sourceTree = "<group>"; };
		849E60CB2DFFBE290025BE9C /* ListMovieViewController.swift */ = {isa = PBXFileReference; lastKnownFileType = sourcecode.swift; path = ListMovieViewController.swift; sourceTree = "<group>"; };
		849E60D22DFFD16D0025BE9C /* MovieDetailViewController.swift */ = {isa = PBXFileReference; lastKnownFileType = sourcecode.swift; path = MovieDetailViewController.swift; sourceTree = "<group>"; };
		84C32C702DFC285900C0EE5B /* MovieApp.app */ = {isa = PBXFileReference; explicitFileType = wrapper.application; includeInIndex = 0; path = MovieApp.app; sourceTree = BUILT_PRODUCTS_DIR; };
		84C32C732DFC285900C0EE5B /* AppDelegate.swift */ = {isa = PBXFileReference; lastKnownFileType = sourcecode.swift; path = AppDelegate.swift; sourceTree = "<group>"; };
		84C32C752DFC285900C0EE5B /* SceneDelegate.swift */ = {isa = PBXFileReference; lastKnownFileType = sourcecode.swift; path = SceneDelegate.swift; sourceTree = "<group>"; };
		84C32C772DFC285900C0EE5B /* ViewController.swift */ = {isa = PBXFileReference; lastKnownFileType = sourcecode.swift; path = ViewController.swift; sourceTree = "<group>"; };
		84C32C7A2DFC285900C0EE5B /* Base */ = {isa = PBXFileReference; lastKnownFileType = file.storyboard; name = Base; path = Base.lproj/Main.storyboard; sourceTree = "<group>"; };
		84C32C7C2DFC285B00C0EE5B /* Assets.xcassets */ = {isa = PBXFileReference; lastKnownFileType = folder.assetcatalog; path = Assets.xcassets; sourceTree = "<group>"; };
		84C32C7F2DFC285B00C0EE5B /* Base */ = {isa = PBXFileReference; lastKnownFileType = file.storyboard; name = Base; path = Base.lproj/LaunchScreen.storyboard; sourceTree = "<group>"; };
		84C32C812DFC285B00C0EE5B /* Info.plist */ = {isa = PBXFileReference; lastKnownFileType = text.plist.xml; path = Info.plist; sourceTree = "<group>"; };
/* End PBXFileReference section */

/* Begin PBXFrameworksBuildPhase section */
		84C32C6D2DFC285900C0EE5B /* Frameworks */ = {
			isa = PBXFrameworksBuildPhase;
			buildActionMask = 2147483647;
			files = (
				849E60D12DFFC97E0025BE9C /* SDWebImageMapKit in Frameworks */,
				849E60CF2DFFC97E0025BE9C /* SDWebImage in Frameworks */,
			);
			runOnlyForDeploymentPostprocessing = 0;
		};
/* End PBXFrameworksBuildPhase section */

/* Begin PBXGroup section */
		849E60BD2DFFB0370025BE9C /* Models */ = {
			isa = PBXGroup;
			children = (
				849E60C02DFFB2470025BE9C /* MovieDetail.swift */,
			);
			path = Models;
			sourceTree = "<group>";
		};
		849E60C22DFFB25E0025BE9C /* ViewModels */ = {
			isa = PBXGroup;
			children = (
				849E60C62DFFB4DC0025BE9C /* MovieDetailViewModel.swift */,
			);
			path = ViewModels;
			sourceTree = "<group>";
		};
		849E60C32DFFB27B0025BE9C /* Networks */ = {
			isa = PBXGroup;
			children = (
				849E60C42DFFB28F0025BE9C /* MovieServices.swift */,
			);
			path = Networks;
			sourceTree = "<group>";
		};
		849E60CA2DFFBE080025BE9C /* Views */ = {
			isa = PBXGroup;
			children = (
				849E60CB2DFFBE290025BE9C /* ListMovieViewController.swift */,
				849E60D22DFFD16D0025BE9C /* MovieDetailViewController.swift */,
			);
			path = Views;
			sourceTree = "<group>";
		};
		84C32C672DFC285900C0EE5B = {
			isa = PBXGroup;
			children = (
				84C32C722DFC285900C0EE5B /* MovieApp */,
				84C32C712DFC285900C0EE5B /* Products */,
			);
			sourceTree = "<group>";
		};
		84C32C712DFC285900C0EE5B /* Products */ = {
			isa = PBXGroup;
			children = (
				84C32C702DFC285900C0EE5B /* MovieApp.app */,
			);
			name = Products;
			sourceTree = "<group>";
		};
		84C32C722DFC285900C0EE5B /* MovieApp */ = {
			isa = PBXGroup;
			children = (
				849E60CA2DFFBE080025BE9C /* Views */,
				849E60C32DFFB27B0025BE9C /* Networks */,
				849E60C22DFFB25E0025BE9C /* ViewModels */,
				849E60BD2DFFB0370025BE9C /* Models */,
				84C32C732DFC285900C0EE5B /* AppDelegate.swift */,
				84C32C752DFC285900C0EE5B /* SceneDelegate.swift */,
				84C32C772DFC285900C0EE5B /* ViewController.swift */,
				84C32C792DFC285900C0EE5B /* Main.storyboard */,
				84C32C7C2DFC285B00C0EE5B /* Assets.xcassets */,
				84C32C7E2DFC285B00C0EE5B /* LaunchScreen.storyboard */,
				84C32C812DFC285B00C0EE5B /* Info.plist */,
			);
			path = MovieApp;
			sourceTree = "<group>";
		};
/* End PBXGroup section */

/* Begin PBXNativeTarget section */
		84C32C6F2DFC285900C0EE5B /* MovieApp */ = {
			isa = PBXNativeTarget;
			buildConfigurationList = 84C32C842DFC285B00C0EE5B /* Build configuration list for PBXNativeTarget "MovieApp" */;
			buildPhases = (
				84C32C6C2DFC285900C0EE5B /* Sources */,
				84C32C6D2DFC285900C0EE5B /* Frameworks */,
				84C32C6E2DFC285900C0EE5B /* Resources */,
			);
			buildRules = (
			);
			dependencies = (
			);
			name = MovieApp;
			packageProductDependencies = (
				849E60CE2DFFC97E0025BE9C /* SDWebImage */,
				849E60D02DFFC97E0025BE9C /* SDWebImageMapKit */,
			);
			productName = MovieApp;
			productReference = 84C32C702DFC285900C0EE5B /* MovieApp.app */;
			productType = "com.apple.product-type.application";
		};
/* End PBXNativeTarget section */

/* Begin PBXProject section */
		84C32C682DFC285900C0EE5B /* Project object */ = {
			isa = PBXProject;
			attributes = {
				BuildIndependentTargetsInParallel = 1;
				LastSwiftUpdateCheck = 1520;
				LastUpgradeCheck = 1520;
				TargetAttributes = {
					84C32C6F2DFC285900C0EE5B = {
						CreatedOnToolsVersion = 15.2;
					};
				};
			};
			buildConfigurationList = 84C32C6B2DFC285900C0EE5B /* Build configuration list for PBXProject "MovieApp" */;
			compatibilityVersion = "Xcode 14.0";
			developmentRegion = en;
			hasScannedForEncodings = 0;
			knownRegions = (
				en,
				Base,
			);
			mainGroup = 84C32C672DFC285900C0EE5B;
			packageReferences = (
				849E60CD2DFFC97E0025BE9C /* XCRemoteSwiftPackageReference "SDWebImage" */,
			);
			productRefGroup = 84C32C712DFC285900C0EE5B /* Products */;
			projectDirPath = "";
			projectRoot = "";
			targets = (
				84C32C6F2DFC285900C0EE5B /* MovieApp */,
			);
		};
/* End PBXProject section */

/* Begin PBXResourcesBuildPhase section */
		84C32C6E2DFC285900C0EE5B /* Resources */ = {
			isa = PBXResourcesBuildPhase;
			buildActionMask = 2147483647;
			files = (
				84C32C802DFC285B00C0EE5B /* LaunchScreen.storyboard in Resources */,
				84C32C7D2DFC285B00C0EE5B /* Assets.xcassets in Resources */,
				84C32C7B2DFC285900C0EE5B /* Main.storyboard in Resources */,
			);
			runOnlyForDeploymentPostprocessing = 0;
		};
/* End PBXResourcesBuildPhase section */

/* Begin PBXSourcesBuildPhase section */
		84C32C6C2DFC285900C0EE5B /* Sources */ = {
			isa = PBXSourcesBuildPhase;
			buildActionMask = 2147483647;
			files = (
				849E60C72DFFB4DC0025BE9C /* MovieDetailViewModel.swift in Sources */,
				84C32C782DFC285900C0EE5B /* ViewController.swift in Sources */,
				84C32C742DFC285900C0EE5B /* AppDelegate.swift in Sources */,
				849E60C12DFFB2470025BE9C /* MovieDetail.swift in Sources */,
				849E60D32DFFD16D0025BE9C /* MovieDetailViewController.swift in Sources */,
				849E60C52DFFB28F0025BE9C /* MovieServices.swift in Sources */,
				84C32C762DFC285900C0EE5B /* SceneDelegate.swift in Sources */,
				849E60CC2DFFBE290025BE9C /* ListMovieViewController.swift in Sources */,
			);
			runOnlyForDeploymentPostprocessing = 0;
		};
/* End PBXSourcesBuildPhase section */

/* Begin PBXVariantGroup section */
		84C32C792DFC285900C0EE5B /* Main.storyboard */ = {
			isa = PBXVariantGroup;
			children = (
				84C32C7A2DFC285900C0EE5B /* Base */,
			);
			name = Main.storyboard;
			sourceTree = "<group>";
		};
		84C32C7E2DFC285B00C0EE5B /* LaunchScreen.storyboard */ = {
			isa = PBXVariantGroup;
			children = (
				84C32C7F2DFC285B00C0EE5B /* Base */,
			);
			name = LaunchScreen.storyboard;
			sourceTree = "<group>";
		};
/* End PBXVariantGroup section */

/* Begin XCBuildConfiguration section */
		84C32C822DFC285B00C0EE5B /* Debug */ = {
			isa = XCBuildConfiguration;
			buildSettings = {
				ALWAYS_SEARCH_USER_PATHS = NO;
				ASSETCATALOG_COMPILER_GENERATE_SWIFT_ASSET_SYMBOL_EXTENSIONS = YES;
				CLANG_ANALYZER_NONNULL = YES;
				CLANG_ANALYZER_NUMBER_OBJECT_CONVERSION = YES_AGGRESSIVE;
				CLANG_CXX_LANGUAGE_STANDARD = "gnu++20";
				CLANG_ENABLE_MODULES = YES;
				CLANG_ENABLE_OBJC_ARC = YES;
				CLANG_ENABLE_OBJC_WEAK = YES;
				CLANG_WARN_BLOCK_CAPTURE_AUTORELEASING = YES;
				CLANG_WARN_BOOL_CONVERSION = YES;
				CLANG_WARN_COMMA = YES;
				CLANG_WARN_CONSTANT_CONVERSION = YES;
				CLANG_WARN_DEPRECATED_OBJC_IMPLEMENTATIONS = YES;
				CLANG_WARN_DIRECT_OBJC_ISA_USAGE = YES_ERROR;
				CLANG_WARN_DOCUMENTATION_COMMENTS = YES;
				CLANG_WARN_EMPTY_BODY = YES;
				CLANG_WARN_ENUM_CONVERSION = YES;
				CLANG_WARN_INFINITE_RECURSION = YES;
				CLANG_WARN_INT_CONVERSION = YES;
				CLANG_WARN_NON_LITERAL_NULL_CONVERSION = YES;
				CLANG_WARN_OBJC_IMPLICIT_RETAIN_SELF = YES;
				CLANG_WARN_OBJC_LITERAL_CONVERSION = YES;
				CLANG_WARN_OBJC_ROOT_CLASS = YES_ERROR;
				CLANG_WARN_QUOTED_INCLUDE_IN_FRAMEWORK_HEADER = YES;
				CLANG_WARN_RANGE_LOOP_ANALYSIS = YES;
				CLANG_WARN_STRICT_PROTOTYPES = YES;
				CLANG_WARN_SUSPICIOUS_MOVE = YES;
				CLANG_WARN_UNGUARDED_AVAILABILITY = YES_AGGRESSIVE;
				CLANG_WARN_UNREACHABLE_CODE = YES;
				CLANG_WARN__DUPLICATE_METHOD_MATCH = YES;
				COPY_PHASE_STRIP = NO;
				DEBUG_INFORMATION_FORMAT = dwarf;
				ENABLE_STRICT_OBJC_MSGSEND = YES;
				ENABLE_TESTABILITY = YES;
				ENABLE_USER_SCRIPT_SANDBOXING = YES;
				GCC_C_LANGUAGE_STANDARD = gnu17;
				GCC_DYNAMIC_NO_PIC = NO;
				GCC_NO_COMMON_BLOCKS = YES;
				GCC_OPTIMIZATION_LEVEL = 0;
				GCC_PREPROCESSOR_DEFINITIONS = (
					"DEBUG=1",
					"$(inherited)",
				);
				GCC_WARN_64_TO_32_BIT_CONVERSION = YES;
				GCC_WARN_ABOUT_RETURN_TYPE = YES_ERROR;
				GCC_WARN_UNDECLARED_SELECTOR = YES;
				GCC_WARN_UNINITIALIZED_AUTOS = YES_AGGRESSIVE;
				GCC_WARN_UNUSED_FUNCTION = YES;
				GCC_WARN_UNUSED_VARIABLE = YES;
				IPHONEOS_DEPLOYMENT_TARGET = 17.2;
				LOCALIZATION_PREFERS_STRING_CATALOGS = YES;
				MTL_ENABLE_DEBUG_INFO = INCLUDE_SOURCE;
				MTL_FAST_MATH = YES;
				ONLY_ACTIVE_ARCH = YES;
				SDKROOT = iphoneos;
				SWIFT_ACTIVE_COMPILATION_CONDITIONS = "DEBUG $(inherited)";
				SWIFT_OPTIMIZATION_LEVEL = "-Onone";
			};
			name = Debug;
		};
		84C32C832DFC285B00C0EE5B /* Release */ = {
			isa = XCBuildConfiguration;
			buildSettings = {
				ALWAYS_SEARCH_USER_PATHS = NO;
				ASSETCATALOG_COMPILER_GENERATE_SWIFT_ASSET_SYMBOL_EXTENSIONS = YES;
				CLANG_ANALYZER_NONNULL = YES;
				CLANG_ANALYZER_NUMBER_OBJECT_CONVERSION = YES_AGGRESSIVE;
				CLANG_CXX_LANGUAGE_STANDARD = "gnu++20";
				CLANG_ENABLE_MODULES = YES;
				CLANG_ENABLE_OBJC_ARC = YES;
				CLANG_ENABLE_OBJC_WEAK = YES;
				CLANG_WARN_BLOCK_CAPTURE_AUTORELEASING = YES;
				CLANG_WARN_BOOL_CONVERSION = YES;
				CLANG_WARN_COMMA = YES;
				CLANG_WARN_CONSTANT_CONVERSION = YES;
				CLANG_WARN_DEPRECATED_OBJC_IMPLEMENTATIONS = YES;
				CLANG_WARN_DIRECT_OBJC_ISA_USAGE = YES_ERROR;
				CLANG_WARN_DOCUMENTATION_COMMENTS = YES;
				CLANG_WARN_EMPTY_BODY = YES;
				CLANG_WARN_ENUM_CONVERSION = YES;
				CLANG_WARN_INFINITE_RECURSION = YES;
				CLANG_WARN_INT_CONVERSION = YES;
				CLANG_WARN_NON_LITERAL_NULL_CONVERSION = YES;
				CLANG_WARN_OBJC_IMPLICIT_RETAIN_SELF = YES;
				CLANG_WARN_OBJC_LITERAL_CONVERSION = YES;
				CLANG_WARN_OBJC_ROOT_CLASS = YES_ERROR;
				CLANG_WARN_QUOTED_INCLUDE_IN_FRAMEWORK_HEADER = YES;
				CLANG_WARN_RANGE_LOOP_ANALYSIS = YES;
				CLANG_WARN_STRICT_PROTOTYPES = YES;
				CLANG_WARN_SUSPICIOUS_MOVE = YES;
				CLANG_WARN_UNGUARDED_AVAILABILITY = YES_AGGRESSIVE;
				CLANG_WARN_UNREACHABLE_CODE = YES;
				CLANG_WARN__DUPLICATE_METHOD_MATCH = YES;
				COPY_PHASE_STRIP = NO;
				DEBUG_INFORMATION_FORMAT = "dwarf-with-dsym";
				ENABLE_NS_ASSERTIONS = NO;
				ENABLE_STRICT_OBJC_MSGSEND = YES;
				ENABLE_USER_SCRIPT_SANDBOXING = YES;
				GCC_C_LANGUAGE_STANDARD = gnu17;
				GCC_NO_COMMON_BLOCKS = YES;
				GCC_WARN_64_TO_32_BIT_CONVERSION = YES;
				GCC_WARN_ABOUT_RETURN_TYPE = YES_ERROR;
				GCC_WARN_UNDECLARED_SELECTOR = YES;
				GCC_WARN_UNINITIALIZED_AUTOS = YES_AGGRESSIVE;
				GCC_WARN_UNUSED_FUNCTION = YES;
				GCC_WARN_UNUSED_VARIABLE = YES;
				IPHONEOS_DEPLOYMENT_TARGET = 17.2;
				LOCALIZATION_PREFERS_STRING_CATALOGS = YES;
				MTL_ENABLE_DEBUG_INFO = NO;
				MTL_FAST_MATH = YES;
				SDKROOT = iphoneos;
				SWIFT_COMPILATION_MODE = wholemodule;
				VALIDATE_PRODUCT = YES;
			};
			name = Release;
		};
		84C32C852DFC285B00C0EE5B /* Debug */ = {
			isa = XCBuildConfiguration;
			buildSettings = {
				ASSETCATALOG_COMPILER_APPICON_NAME = AppIcon;
				ASSETCATALOG_COMPILER_GLOBAL_ACCENT_COLOR_NAME = AccentColor;
				CODE_SIGN_STYLE = Automatic;
				CURRENT_PROJECT_VERSION = 1;
				GENERATE_INFOPLIST_FILE = YES;
				INFOPLIST_FILE = MovieApp/Info.plist;
				INFOPLIST_KEY_UIApplicationSupportsIndirectInputEvents = YES;
				INFOPLIST_KEY_UILaunchStoryboardName = LaunchScreen;
				INFOPLIST_KEY_UIMainStoryboardFile = Main;
				INFOPLIST_KEY_UISupportedInterfaceOrientations_iPad = "UIInterfaceOrientationPortrait UIInterfaceOrientationPortraitUpsideDown UIInterfaceOrientationLandscapeLeft UIInterfaceOrientationLandscapeRight";
				INFOPLIST_KEY_UISupportedInterfaceOrientations_iPhone = "UIInterfaceOrientationPortrait UIInterfaceOrientationLandscapeLeft UIInterfaceOrientationLandscapeRight";
				LD_RUNPATH_SEARCH_PATHS = (
					"$(inherited)",
					"@executable_path/Frameworks",
				);
				MARKETING_VERSION = 1.0;
				PRODUCT_BUNDLE_IDENTIFIER = kiennv3.newwave.MovieApp;
				PRODUCT_NAME = "$(TARGET_NAME)";
				SWIFT_EMIT_LOC_STRINGS = YES;
				SWIFT_VERSION = 5.0;
				TARGETED_DEVICE_FAMILY = "1,2";
			};
			name = Debug;
		};
		84C32C862DFC285B00C0EE5B /* Release */ = {
			isa = XCBuildConfiguration;
			buildSettings = {
				ASSETCATALOG_COMPILER_APPICON_NAME = AppIcon;
				ASSETCATALOG_COMPILER_GLOBAL_ACCENT_COLOR_NAME = AccentColor;
				CODE_SIGN_STYLE = Automatic;
				CURRENT_PROJECT_VERSION = 1;
				GENERATE_INFOPLIST_FILE = YES;
				INFOPLIST_FILE = MovieApp/Info.plist;
				INFOPLIST_KEY_UIApplicationSupportsIndirectInputEvents = YES;
				INFOPLIST_KEY_UILaunchStoryboardName = LaunchScreen;
				INFOPLIST_KEY_UIMainStoryboardFile = Main;
				INFOPLIST_KEY_UISupportedInterfaceOrientations_iPad = "UIInterfaceOrientationPortrait UIInterfaceOrientationPortraitUpsideDown UIInterfaceOrientationLandscapeLeft UIInterfaceOrientationLandscapeRight";
				INFOPLIST_KEY_UISupportedInterfaceOrientations_iPhone = "UIInterfaceOrientationPortrait UIInterfaceOrientationLandscapeLeft UIInterfaceOrientationLandscapeRight";
				LD_RUNPATH_SEARCH_PATHS = (
					"$(inherited)",
					"@executable_path/Frameworks",
				);
				MARKETING_VERSION = 1.0;
				PRODUCT_BUNDLE_IDENTIFIER = kiennv3.newwave.MovieApp;
				PRODUCT_NAME = "$(TARGET_NAME)";
				SWIFT_EMIT_LOC_STRINGS = YES;
				SWIFT_VERSION = 5.0;
				TARGETED_DEVICE_FAMILY = "1,2";
			};
			name = Release;
		};
/* End XCBuildConfiguration section */

/* Begin XCConfigurationList section */
		84C32C6B2DFC285900C0EE5B /* Build configuration list for PBXProject "MovieApp" */ = {
			isa = XCConfigurationList;
			buildConfigurations = (
				84C32C822DFC285B00C0EE5B /* Debug */,
				84C32C832DFC285B00C0EE5B /* Release */,
			);
			defaultConfigurationIsVisible = 0;
			defaultConfigurationName = Release;
		};
		84C32C842DFC285B00C0EE5B /* Build configuration list for PBXNativeTarget "MovieApp" */ = {
			isa = XCConfigurationList;
			buildConfigurations = (
				84C32C852DFC285B00C0EE5B /* Debug */,
				84C32C862DFC285B00C0EE5B /* Release */,
			);
			defaultConfigurationIsVisible = 0;
			defaultConfigurationName = Release;
		};
/* End XCConfigurationList section */

/* Begin XCRemoteSwiftPackageReference section */
		849E60CD2DFFC97E0025BE9C /* XCRemoteSwiftPackageReference "SDWebImage" */ = {
			isa = XCRemoteSwiftPackageReference;
			repositoryURL = "https://github.com/SDWebImage/SDWebImage.git";
			requirement = {
				kind = upToNextMajorVersion;
				minimumVersion = 5.21.1;
			};
		};
/* End XCRemoteSwiftPackageReference section */

/* Begin XCSwiftPackageProductDependency section */
		849E60CE2DFFC97E0025BE9C /* SDWebImage */ = {
			isa = XCSwiftPackageProductDependency;
			package = 849E60CD2DFFC97E0025BE9C /* XCRemoteSwiftPackageReference "SDWebImage" */;
			productName = SDWebImage;
		};
		849E60D02DFFC97E0025BE9C /* SDWebImageMapKit */ = {
			isa = XCSwiftPackageProductDependency;
			package = 849E60CD2DFFC97E0025BE9C /* XCRemoteSwiftPackageReference "SDWebImage" */;
			productName = SDWebImageMapKit;
		};
/* End XCSwiftPackageProductDependency section */
	};
	rootObject = 84C32C682DFC285900C0EE5B /* Project object */;
}
